
Microsoft Visual Studio Solution File, Format Version 12.00
# Visual Studio Version 16
VisualStudioVersion = 16.0.29215.179
MinimumVisualStudioVersion = 10.0.40219.1
Project("{FAE04EC0-301F-11D3-BF4B-00C04F79EFBC}") = "Client UDP", "Client UDP\Client UDP.csproj", "{70A6E056-BE4E-49A5-97F4-98B9D72D30AD}"
EndProject
Global
	GlobalSection(SolutionConfigurationPlatforms) = preSolution
		Debug|Any CPU = Debug|Any CPU
		Release|Any CPU = Release|Any CPU
	EndGlobalSection
	GlobalSection(ProjectConfigurationPlatforms) = postSolution
		{70A6E056-BE4E-49A5-97F4-98B9D72D30AD}.Debug|Any CPU.ActiveCfg = Debug|Any CPU
		{70A6E056-BE4E-49A5-97F4-98B9D72D30AD}.Debug|Any CPU.Build.0 = Debug|Any CPU
		{70A6E056-BE4E-49A5-97F4-98B9D72D30AD}.Release|Any CPU.ActiveCfg = Release|Any CPU
		{70A6E056-BE4E-49A5-97F4-98B9D72D30AD}.Release|Any CPU.Build.0 = Release|Any CPU
	EndGlobalSection
	GlobalSection(SolutionProperties) = preSolution
		HideSolutionNode = FALSE
	EndGlobalSection
	GlobalSection(ExtensibilityGlobals) = postSolution
		SolutionGuid = {1EE712B3-2641-4841-8166-A1BFA5B097FC}
	EndGlobalSection
EndGlobal
