
Microsoft Visual Studio Solution File, Format Version 12.00
# Visual Studio Version 16
VisualStudioVersion = 16.0.29215.179
MinimumVisualStudioVersion = 10.0.40219.1
Project("{FAE04EC0-301F-11D3-BF4B-00C04F79EFBC}") = "Server UDP", "Server UDP\Server UDP.csproj", "{1A7FEE3A-AE13-43A2-9126-5DD62F5437E5}"
EndProject
Global
	GlobalSection(SolutionConfigurationPlatforms) = preSolution
		Debug|Any CPU = Debug|Any CPU
		Release|Any CPU = Release|Any CPU
	EndGlobalSection
	GlobalSection(ProjectConfigurationPlatforms) = postSolution
		{1A7FEE3A-AE13-43A2-9126-5DD62F5437E5}.Debug|Any CPU.ActiveCfg = Debug|Any CPU
		{1A7FEE3A-AE13-43A2-9126-5DD62F5437E5}.Debug|Any CPU.Build.0 = Debug|Any CPU
		{1A7FEE3A-AE13-43A2-9126-5DD62F5437E5}.Release|Any CPU.ActiveCfg = Release|Any CPU
		{1A7FEE3A-AE13-43A2-9126-5DD62F5437E5}.Release|Any CPU.Build.0 = Release|Any CPU
	EndGlobalSection
	GlobalSection(SolutionProperties) = preSolution
		HideSolutionNode = FALSE
	EndGlobalSection
	GlobalSection(ExtensibilityGlobals) = postSolution
		SolutionGuid = {29B0E2B5-F4C7-4F72-9BA7-AD8318488453}
	EndGlobalSection
EndGlobal
